
Microsoft Visual Studio Solution File, Format Version 12.00
# Visual Studio Version 17
VisualStudioVersion = 17.4.33205.214
MinimumVisualStudioVersion = 10.0.40219.1
Project("{FAE04EC0-301F-11D3-BF4B-00C04F79EFBC}") = "sokoban", "sokoban.csproj", "{B7078825-685A-4B4C-B1FC-3C18BCFE9FAE}"
EndProject
Global
	GlobalSection(SolutionConfigurationPlatforms) = preSolution
		Debug|Any CPU = Debug|Any CPU
		Release|Any CPU = Release|Any CPU
	EndGlobalSection
	GlobalSection(ProjectConfigurationPlatforms) = postSolution
		{B7078825-685A-4B4C-B1FC-3C18BCFE9FAE}.Debug|Any CPU.ActiveCfg = Debug|Any CPU
		{B7078825-685A-4B4C-B1FC-3C18BCFE9FAE}.Debug|Any CPU.Build.0 = Debug|Any CPU
		{B7078825-685A-4B4C-B1FC-3C18BCFE9FAE}.Release|Any CPU.ActiveCfg = Release|Any CPU
		{B7078825-685A-4B4C-B1FC-3C18BCFE9FAE}.Release|Any CPU.Build.0 = Release|Any CPU
	EndGlobalSection
	GlobalSection(SolutionProperties) = preSolution
		HideSolutionNode = FALSE
	EndGlobalSection
	GlobalSection(ExtensibilityGlobals) = postSolution
		SolutionGuid = {99ECD97A-F900-4361-9AD7-11B19DA0AFFF}
	EndGlobalSection
EndGlobal
